
Microsoft Visual Studio Solution File, Format Version 12.00
# Visual Studio Version 17
VisualStudioVersion = 17.14.36109.1
MinimumVisualStudioVersion = 10.0.40219.1
Project("{FAE04EC0-301F-11D3-BF4B-00C04F79EFBC}") = "FPT_EduTrack.Api", "Api\FPT_EduTrack.Api.csproj", "{38D067EC-A6D7-430B-A2BE-3E9AB87AF4D0}"
EndProject
Project("{FAE04EC0-301F-11D3-BF4B-00C04F79EFBC}") = "FPT_EduTrack.BusinessLayer", "Infrastructure\FPT_EduTrack.BusinessLayer.csproj", "{17EB9705-B1E4-4CFE-A2C9-192C4406BEC2}"
EndProject
Project("{FAE04EC0-301F-11D3-BF4B-00C04F79EFBC}") = "FPT_EduTrack.DataAccessLayer", "Application\FPT_EduTrack.DataAccessLayer.csproj", "{2EB7720B-6E86-471E-A356-993B4CA5C4FE}"
EndProject
Global
	GlobalSection(SolutionConfigurationPlatforms) = preSolution
		Debug|Any CPU = Debug|Any CPU
		Release|Any CPU = Release|Any CPU
	EndGlobalSection
	GlobalSection(ProjectConfigurationPlatforms) = postSolution
		{38D067EC-A6D7-430B-A2BE-3E9AB87AF4D0}.Debug|Any CPU.ActiveCfg = Debug|Any CPU
		{38D067EC-A6D7-430B-A2BE-3E9AB87AF4D0}.Debug|Any CPU.Build.0 = Debug|Any CPU
		{38D067EC-A6D7-430B-A2BE-3E9AB87AF4D0}.Release|Any CPU.ActiveCfg = Release|Any CPU
		{38D067EC-A6D7-430B-A2BE-3E9AB87AF4D0}.Release|Any CPU.Build.0 = Release|Any CPU
		{17EB9705-B1E4-4CFE-A2C9-192C4406BEC2}.Debug|Any CPU.ActiveCfg = Debug|Any CPU
		{17EB9705-B1E4-4CFE-A2C9-192C4406BEC2}.Debug|Any CPU.Build.0 = Debug|Any CPU
		{17EB9705-B1E4-4CFE-A2C9-192C4406BEC2}.Release|Any CPU.ActiveCfg = Release|Any CPU
		{17EB9705-B1E4-4CFE-A2C9-192C4406BEC2}.Release|Any CPU.Build.0 = Release|Any CPU
		{2EB7720B-6E86-471E-A356-993B4CA5C4FE}.Debug|Any CPU.ActiveCfg = Debug|Any CPU
		{2EB7720B-6E86-471E-A356-993B4CA5C4FE}.Debug|Any CPU.Build.0 = Debug|Any CPU
		{2EB7720B-6E86-471E-A356-993B4CA5C4FE}.Release|Any CPU.ActiveCfg = Release|Any CPU
		{2EB7720B-6E86-471E-A356-993B4CA5C4FE}.Release|Any CPU.Build.0 = Release|Any CPU
	EndGlobalSection
	GlobalSection(SolutionProperties) = preSolution
		HideSolutionNode = FALSE
	EndGlobalSection
	GlobalSection(ExtensibilityGlobals) = postSolution
		SolutionGuid = {C8B32F7B-0177-4A55-B5DB-100EDC26252A}
	EndGlobalSection
EndGlobal
